
Microsoft Visual Studio Solution File, Format Version 12.00
# Visual Studio 15
VisualStudioVersion = 15.0.27130.2003
MinimumVisualStudioVersion = 10.0.40219.1
Project("{FAE04EC0-301F-11D3-BF4B-00C04F79EFBC}") = "Backend", "Backend\Backend.csproj", "{CAB09BEE-B1FD-4E43-B250-7C192940486D}"
EndProject
Global
	GlobalSection(SolutionConfigurationPlatforms) = preSolution
		Debug|Any CPU = Debug|Any CPU
		Release|Any CPU = Release|Any CPU
	EndGlobalSection
	GlobalSection(ProjectConfigurationPlatforms) = postSolution
		{CAB09BEE-B1FD-4E43-B250-7C192940486D}.Debug|Any CPU.ActiveCfg = Debug|Any CPU
		{CAB09BEE-B1FD-4E43-B250-7C192940486D}.Debug|Any CPU.Build.0 = Debug|Any CPU
		{CAB09BEE-B1FD-4E43-B250-7C192940486D}.Release|Any CPU.ActiveCfg = Release|Any CPU
		{CAB09BEE-B1FD-4E43-B250-7C192940486D}.Release|Any CPU.Build.0 = Release|Any CPU
	EndGlobalSection
	GlobalSection(SolutionProperties) = preSolution
		HideSolutionNode = FALSE
	EndGlobalSection
	GlobalSection(ExtensibilityGlobals) = postSolution
		SolutionGuid = {0291594C-F852-4509-BAA2-B54756C879C0}
	EndGlobalSection
EndGlobal
